
Microsoft Visual Studio Solution File, Format Version 12.00
# Visual Studio Version 16
VisualStudioVersion = 16.0.29806.167
MinimumVisualStudioVersion = 10.0.40219.1
Project("{FAE04EC0-301F-11D3-BF4B-00C04F79EFBC}") = "EntityFrameworkFirstCode", "EntityFrameworkFirstCode\EntityFrameworkFirstCode.csproj", "{9E92490D-9702-444D-9D18-7D58E73DCD63}"
EndProject
Project("{FAE04EC0-301F-11D3-BF4B-00C04F79EFBC}") = "EntityFrameworkFirstCodeTests", "EntityFrameworkFirstCodeTests\EntityFrameworkFirstCodeTests.csproj", "{5B35EDE0-F257-44DB-880E-4A515829F1D3}"
EndProject
Project("{FAE04EC0-301F-11D3-BF4B-00C04F79EFBC}") = "DapperORM", "DapperORM\DapperORM.csproj", "{DE3AE3A0-F00B-4AAC-9FDF-61CCF4562E90}"
EndProject
Project("{FAE04EC0-301F-11D3-BF4B-00C04F79EFBC}") = "DapperORMTests", "DapperORMTests\DapperORMTests.csproj", "{E32759C9-E70D-450E-A724-BF86BB1C2675}"
EndProject
Global
	GlobalSection(SolutionConfigurationPlatforms) = preSolution
		Debug|Any CPU = Debug|Any CPU
		Release|Any CPU = Release|Any CPU
	EndGlobalSection
	GlobalSection(ProjectConfigurationPlatforms) = postSolution
		{9E92490D-9702-444D-9D18-7D58E73DCD63}.Debug|Any CPU.ActiveCfg = Debug|Any CPU
		{9E92490D-9702-444D-9D18-7D58E73DCD63}.Debug|Any CPU.Build.0 = Debug|Any CPU
		{9E92490D-9702-444D-9D18-7D58E73DCD63}.Release|Any CPU.ActiveCfg = Release|Any CPU
		{9E92490D-9702-444D-9D18-7D58E73DCD63}.Release|Any CPU.Build.0 = Release|Any CPU
		{5B35EDE0-F257-44DB-880E-4A515829F1D3}.Debug|Any CPU.ActiveCfg = Debug|Any CPU
		{5B35EDE0-F257-44DB-880E-4A515829F1D3}.Debug|Any CPU.Build.0 = Debug|Any CPU
		{5B35EDE0-F257-44DB-880E-4A515829F1D3}.Release|Any CPU.ActiveCfg = Release|Any CPU
		{5B35EDE0-F257-44DB-880E-4A515829F1D3}.Release|Any CPU.Build.0 = Release|Any CPU
		{DE3AE3A0-F00B-4AAC-9FDF-61CCF4562E90}.Debug|Any CPU.ActiveCfg = Debug|Any CPU
		{DE3AE3A0-F00B-4AAC-9FDF-61CCF4562E90}.Debug|Any CPU.Build.0 = Debug|Any CPU
		{DE3AE3A0-F00B-4AAC-9FDF-61CCF4562E90}.Release|Any CPU.ActiveCfg = Release|Any CPU
		{DE3AE3A0-F00B-4AAC-9FDF-61CCF4562E90}.Release|Any CPU.Build.0 = Release|Any CPU
		{E32759C9-E70D-450E-A724-BF86BB1C2675}.Debug|Any CPU.ActiveCfg = Debug|Any CPU
		{E32759C9-E70D-450E-A724-BF86BB1C2675}.Debug|Any CPU.Build.0 = Debug|Any CPU
		{E32759C9-E70D-450E-A724-BF86BB1C2675}.Release|Any CPU.ActiveCfg = Release|Any CPU
		{E32759C9-E70D-450E-A724-BF86BB1C2675}.Release|Any CPU.Build.0 = Release|Any CPU
	EndGlobalSection
	GlobalSection(SolutionProperties) = preSolution
		HideSolutionNode = FALSE
	EndGlobalSection
	GlobalSection(ExtensibilityGlobals) = postSolution
		SolutionGuid = {8CC29DF5-5A26-4548-A6EE-A0043C6CC452}
	EndGlobalSection
EndGlobal
